
Microsoft Visual Studio Solution File, Format Version 12.00
# Visual Studio Version 17
VisualStudioVersion = 17.10.35122.118
MinimumVisualStudioVersion = 10.0.40219.1
Project("{FAE04EC0-301F-11D3-BF4B-00C04F79EFBC}") = "BusBooking", "BusBooking\BusBooking.csproj", "{FE424EC3-E649-4284-B9CC-22404F00D009}"
EndProject
Global
	GlobalSection(SolutionConfigurationPlatforms) = preSolution
		Debug|Any CPU = Debug|Any CPU
		Release|Any CPU = Release|Any CPU
	EndGlobalSection
	GlobalSection(ProjectConfigurationPlatforms) = postSolution
		{FE424EC3-E649-4284-B9CC-22404F00D009}.Debug|Any CPU.ActiveCfg = Debug|Any CPU
		{FE424EC3-E649-4284-B9CC-22404F00D009}.Debug|Any CPU.Build.0 = Debug|Any CPU
		{FE424EC3-E649-4284-B9CC-22404F00D009}.Release|Any CPU.ActiveCfg = Release|Any CPU
		{FE424EC3-E649-4284-B9CC-22404F00D009}.Release|Any CPU.Build.0 = Release|Any CPU
	EndGlobalSection
	GlobalSection(SolutionProperties) = preSolution
		HideSolutionNode = FALSE
	EndGlobalSection
	GlobalSection(ExtensibilityGlobals) = postSolution
		SolutionGuid = {4C3473F2-CBBE-46CE-B2E1-A0CFDBCFC703}
	EndGlobalSection
EndGlobal
